// !$*UTF8*$!
{
	archiveVersion = 1;
	classes = {
	};
	objectVersion = 48;
	objects = {

/* Begin PBXBuildFile section */
		0F3523541FA0DBBC00D376AE /* WebPageViewController.swift in Sources */ = {isa = PBXBuildFile; fileRef = 0F3523531FA0DBBC00D376AE /* WebPageViewController.swift */; };
		0F7764951F9F92D8006F9061 /* AppDelegate.swift in Sources */ = {isa = PBXBuildFile; fileRef = 0F7764941F9F92D8006F9061 /* AppDelegate.swift */; };
		0F7764971F9F92D8006F9061 /* art.scnassets in Resources */ = {isa = PBXBuildFile; fileRef = 0F7764961F9F92D8006F9061 /* art.scnassets */; };
		0F7764991F9F92D8006F9061 /* AugmentedInformationViewController.swift in Sources */ = {isa = PBXBuildFile; fileRef = 0F7764981F9F92D8006F9061 /* AugmentedInformationViewController.swift */; };
		0F77649C1F9F92D8006F9061 /* Main.storyboard in Resources */ = {isa = PBXBuildFile; fileRef = 0F77649A1F9F92D8006F9061 /* Main.storyboard */; };
		0F77649E1F9F92D8006F9061 /* Assets.xcassets in Resources */ = {isa = PBXBuildFile; fileRef = 0F77649D1F9F92D8006F9061 /* Assets.xcassets */; };
		0F7764A11F9F92D8006F9061 /* LaunchScreen.storyboard in Resources */ = {isa = PBXBuildFile; fileRef = 0F77649F1F9F92D8006F9061 /* LaunchScreen.storyboard */; };
		0F7764A91F9FAC93006F9061 /* Assets.scnassets in Resources */ = {isa = PBXBuildFile; fileRef = 0F7764A81F9FAC93006F9061 /* Assets.scnassets */; };
		0F7764AD1FA0C537006F9061 /* Extensions.swift in Sources */ = {isa = PBXBuildFile; fileRef = 0F7764AC1FA0C537006F9061 /* Extensions.swift */; };
		0F7764AF1FA0C657006F9061 /* MainViewController.swift in Sources */ = {isa = PBXBuildFile; fileRef = 0F7764AE1FA0C657006F9061 /* MainViewController.swift */; };
		0F7764B11FA0CC32006F9061 /* placeholder.jpeg in Resources */ = {isa = PBXBuildFile; fileRef = 0F7764B01FA0CC32006F9061 /* placeholder.jpeg */; };
/* End PBXBuildFile section */

/* Begin PBXFileReference section */
		0F3523531FA0DBBC00D376AE /* WebPageViewController.swift */ = {isa = PBXFileReference; lastKnownFileType = sourcecode.swift; path = WebPageViewController.swift; sourceTree = "<group>"; };
		0F7764911F9F92D8006F9061 /* ARKitDemo.app */ = {isa = PBXFileReference; explicitFileType = wrapper.application; includeInIndex = 0; path = ARKitDemo.app; sourceTree = BUILT_PRODUCTS_DIR; };
		0F7764941F9F92D8006F9061 /* AppDelegate.swift */ = {isa = PBXFileReference; lastKnownFileType = sourcecode.swift; path = AppDelegate.swift; sourceTree = "<group>"; };
		0F7764961F9F92D8006F9061 /* art.scnassets */ = {isa = PBXFileReference; lastKnownFileType = wrapper.scnassets; path = art.scnassets; sourceTree = "<group>"; };
		0F7764981F9F92D8006F9061 /* AugmentedInformationViewController.swift */ = {isa = PBXFileReference; lastKnownFileType = sourcecode.swift; path = AugmentedInformationViewController.swift; sourceTree = "<group>"; };
		0F77649B1F9F92D8006F9061 /* Base */ = {isa = PBXFileReference; lastKnownFileType = file.storyboard; name = Base; path = Base.lproj/Main.storyboard; sourceTree = "<group>"; };
		0F77649D1F9F92D8006F9061 /* Assets.xcassets */ = {isa = PBXFileReference; lastKnownFileType = folder.assetcatalog; path = Assets.xcassets; sourceTree = "<group>"; };
		0F7764A01F9F92D8006F9061 /* Base */ = {isa = PBXFileReference; lastKnownFileType = file.storyboard; name = Base; path = Base.lproj/LaunchScreen.storyboard; sourceTree = "<group>"; };
		0F7764A21F9F92D8006F9061 /* Info.plist */ = {isa = PBXFileReference; lastKnownFileType = text.plist.xml; path = Info.plist; sourceTree = "<group>"; };
		0F7764A81F9FAC93006F9061 /* Assets.scnassets */ = {isa = PBXFileReference; lastKnownFileType = wrapper.scnassets; path = Assets.scnassets; sourceTree = "<group>"; };
		0F7764AC1FA0C537006F9061 /* Extensions.swift */ = {isa = PBXFileReference; lastKnownFileType = sourcecode.swift; path = Extensions.swift; sourceTree = "<group>"; };
		0F7764AE1FA0C657006F9061 /* MainViewController.swift */ = {isa = PBXFileReference; lastKnownFileType = sourcecode.swift; path = MainViewController.swift; sourceTree = "<group>"; };
		0F7764B01FA0CC32006F9061 /* placeholder.jpeg */ = {isa = PBXFileReference; lastKnownFileType = image.jpeg; path = placeholder.jpeg; sourceTree = "<group>"; };
/* End PBXFileReference section */

/* Begin PBXFrameworksBuildPhase section */
		0F77648E1F9F92D8006F9061 /* Frameworks */ = {
			isa = PBXFrameworksBuildPhase;
			buildActionMask = 2147483647;
			files = (
			);
			runOnlyForDeploymentPostprocessing = 0;
		};
/* End PBXFrameworksBuildPhase section */

/* Begin PBXGroup section */
		0F7764881F9F92D8006F9061 = {
			isa = PBXGroup;
			children = (
				0F7764931F9F92D8006F9061 /* ARKitDemo */,
				0F7764921F9F92D8006F9061 /* Products */,
			);
			sourceTree = "<group>";
		};
		0F7764921F9F92D8006F9061 /* Products */ = {
			isa = PBXGroup;
			children = (
				0F7764911F9F92D8006F9061 /* ARKitDemo.app */,
			);
			name = Products;
			sourceTree = "<group>";
		};
		0F7764931F9F92D8006F9061 /* ARKitDemo */ = {
			isa = PBXGroup;
			children = (
				0F7764B01FA0CC32006F9061 /* placeholder.jpeg */,
				0F7764941F9F92D8006F9061 /* AppDelegate.swift */,
				0F7764AC1FA0C537006F9061 /* Extensions.swift */,
				0F7764AE1FA0C657006F9061 /* MainViewController.swift */,
				0F3523531FA0DBBC00D376AE /* WebPageViewController.swift */,
				0F7764981F9F92D8006F9061 /* AugmentedInformationViewController.swift */,
				0F77649A1F9F92D8006F9061 /* Main.storyboard */,
				0F7764961F9F92D8006F9061 /* art.scnassets */,
				0F77649D1F9F92D8006F9061 /* Assets.xcassets */,
				0F7764A81F9FAC93006F9061 /* Assets.scnassets */,
				0F77649F1F9F92D8006F9061 /* LaunchScreen.storyboard */,
				0F7764A21F9F92D8006F9061 /* Info.plist */,
			);
			path = ARKitDemo;
			sourceTree = "<group>";
		};
/* End PBXGroup section */

/* Begin PBXNativeTarget section */
		0F7764901F9F92D8006F9061 /* ARKitDemo */ = {
			isa = PBXNativeTarget;
			buildConfigurationList = 0F7764A51F9F92D8006F9061 /* Build configuration list for PBXNativeTarget "ARKitDemo" */;
			buildPhases = (
				0F77648D1F9F92D8006F9061 /* Sources */,
				0F77648E1F9F92D8006F9061 /* Frameworks */,
				0F77648F1F9F92D8006F9061 /* Resources */,
			);
			buildRules = (
			);
			dependencies = (
			);
			name = ARKitDemo;
			productName = ARKitDemo;
			productReference = 0F7764911F9F92D8006F9061 /* ARKitDemo.app */;
			productType = "com.apple.product-type.application";
		};
/* End PBXNativeTarget section */

/* Begin PBXProject section */
		0F7764891F9F92D8006F9061 /* Project object */ = {
			isa = PBXProject;
			attributes = {
				LastSwiftUpdateCheck = 0900;
				LastUpgradeCheck = 0900;
				ORGANIZATIONNAME = "Alexandru Clapa";
				TargetAttributes = {
					0F7764901F9F92D8006F9061 = {
						CreatedOnToolsVersion = 9.0.1;
						ProvisioningStyle = Automatic;
					};
				};
			};
			buildConfigurationList = 0F77648C1F9F92D8006F9061 /* Build configuration list for PBXProject "ARKitDemo" */;
			compatibilityVersion = "Xcode 8.0";
			developmentRegion = en;
			hasScannedForEncodings = 0;
			knownRegions = (
				en,
				Base,
			);
			mainGroup = 0F7764881F9F92D8006F9061;
			productRefGroup = 0F7764921F9F92D8006F9061 /* Products */;
			projectDirPath = "";
			projectRoot = "";
			targets = (
				0F7764901F9F92D8006F9061 /* ARKitDemo */,
			);
		};
/* End PBXProject section */

/* Begin PBXResourcesBuildPhase section */
		0F77648F1F9F92D8006F9061 /* Resources */ = {
			isa = PBXResourcesBuildPhase;
			buildActionMask = 2147483647;
			files = (
				0F7764971F9F92D8006F9061 /* art.scnassets in Resources */,
				0F7764B11FA0CC32006F9061 /* placeholder.jpeg in Resources */,
				0F7764A91F9FAC93006F9061 /* Assets.scnassets in Resources */,
				0F7764A11F9F92D8006F9061 /* LaunchScreen.storyboard in Resources */,
				0F77649E1F9F92D8006F9061 /* Assets.xcassets in Resources */,
				0F77649C1F9F92D8006F9061 /* Main.storyboard in Resources */,
			);
			runOnlyForDeploymentPostprocessing = 0;
		};
/* End PBXResourcesBuildPhase section */

/* Begin PBXSourcesBuildPhase section */
		0F77648D1F9F92D8006F9061 /* Sources */ = {
			isa = PBXSourcesBuildPhase;
			buildActionMask = 2147483647;
			files = (
				0F7764991F9F92D8006F9061 /* AugmentedInformationViewController.swift in Sources */,
				0F7764AD1FA0C537006F9061 /* Extensions.swift in Sources */,
				0F7764951F9F92D8006F9061 /* AppDelegate.swift in Sources */,
				0F3523541FA0DBBC00D376AE /* WebPageViewController.swift in Sources */,
				0F7764AF1FA0C657006F9061 /* MainViewController.swift in Sources */,
			);
			runOnlyForDeploymentPostprocessing = 0;
		};
/* End PBXSourcesBuildPhase section */

/* Begin PBXVariantGroup section */
		0F77649A1F9F92D8006F9061 /* Main.storyboard */ = {
			isa = PBXVariantGroup;
			children = (
				0F77649B1F9F92D8006F9061 /* Base */,
			);
			name = Main.storyboard;
			sourceTree = "<group>";
		};
		0F77649F1F9F92D8006F9061 /* LaunchScreen.storyboard */ = {
			isa = PBXVariantGroup;
			children = (
				0F7764A01F9F92D8006F9061 /* Base */,
			);
			name = LaunchScreen.storyboard;
			sourceTree = "<group>";
		};
/* End PBXVariantGroup section */

/* Begin XCBuildConfiguration section */
		0F7764A31F9F92D8006F9061 /* Debug */ = {
			isa = XCBuildConfiguration;
			buildSettings = {
				ALWAYS_SEARCH_USER_PATHS = NO;
				CLANG_ANALYZER_NONNULL = YES;
				CLANG_ANALYZER_NUMBER_OBJECT_CONVERSION = YES_AGGRESSIVE;
				CLANG_CXX_LANGUAGE_STANDARD = "gnu++14";
				CLANG_CXX_LIBRARY = "libc++";
				CLANG_ENABLE_MODULES = YES;
				CLANG_ENABLE_OBJC_ARC = YES;
				CLANG_WARN_BLOCK_CAPTURE_AUTORELEASING = YES;
				CLANG_WARN_BOOL_CONVERSION = YES;
				CLANG_WARN_COMMA = YES;
				CLANG_WARN_CONSTANT_CONVERSION = YES;
				CLANG_WARN_DIRECT_OBJC_ISA_USAGE = YES_ERROR;
				CLANG_WARN_DOCUMENTATION_COMMENTS = YES;
				CLANG_WARN_EMPTY_BODY = YES;
				CLANG_WARN_ENUM_CONVERSION = YES;
				CLANG_WARN_INFINITE_RECURSION = YES;
				CLANG_WARN_INT_CONVERSION = YES;
				CLANG_WARN_NON_LITERAL_NULL_CONVERSION = YES;
				CLANG_WARN_OBJC_LITERAL_CONVERSION = YES;
				CLANG_WARN_OBJC_ROOT_CLASS = YES_ERROR;
				CLANG_WARN_RANGE_LOOP_ANALYSIS = YES;
				CLANG_WARN_STRICT_PROTOTYPES = YES;
				CLANG_WARN_SUSPICIOUS_MOVE = YES;
				CLANG_WARN_UNGUARDED_AVAILABILITY = YES_AGGRESSIVE;
				CLANG_WARN_UNREACHABLE_CODE = YES;
				CLANG_WARN__DUPLICATE_METHOD_MATCH = YES;
				CODE_SIGN_IDENTITY = "iPhone Developer";
				COPY_PHASE_STRIP = NO;
				DEBUG_INFORMATION_FORMAT = dwarf;
				ENABLE_STRICT_OBJC_MSGSEND = YES;
				ENABLE_TESTABILITY = YES;
				GCC_C_LANGUAGE_STANDARD = gnu11;
				GCC_DYNAMIC_NO_PIC = NO;
				GCC_NO_COMMON_BLOCKS = YES;
				GCC_OPTIMIZATION_LEVEL = 0;
				GCC_PREPROCESSOR_DEFINITIONS = (
					"DEBUG=1",
					"$(inherited)",
				);
				GCC_WARN_64_TO_32_BIT_CONVERSION = YES;
				GCC_WARN_ABOUT_RETURN_TYPE = YES_ERROR;
				GCC_WARN_UNDECLARED_SELECTOR = YES;
				GCC_WARN_UNINITIALIZED_AUTOS = YES_AGGRESSIVE;
				GCC_WARN_UNUSED_FUNCTION = YES;
				GCC_WARN_UNUSED_VARIABLE = YES;
				IPHONEOS_DEPLOYMENT_TARGET = 11.0;
				MTL_ENABLE_DEBUG_INFO = YES;
				ONLY_ACTIVE_ARCH = YES;
				SDKROOT = iphoneos;
				SWIFT_ACTIVE_COMPILATION_CONDITIONS = DEBUG;
				SWIFT_OPTIMIZATION_LEVEL = "-Onone";
			};
			name = Debug;
		};
		0F7764A41F9F92D8006F9061 /* Release */ = {
			isa = XCBuildConfiguration;
			buildSettings = {
				ALWAYS_SEARCH_USER_PATHS = NO;
				CLANG_ANALYZER_NONNULL = YES;
				CLANG_ANALYZER_NUMBER_OBJECT_CONVERSION = YES_AGGRESSIVE;
				CLANG_CXX_LANGUAGE_STANDARD = "gnu++14";
				CLANG_CXX_LIBRARY = "libc++";
				CLANG_ENABLE_MODULES = YES;
				CLANG_ENABLE_OBJC_ARC = YES;
				CLANG_WARN_BLOCK_CAPTURE_AUTORELEASING = YES;
				CLANG_WARN_BOOL_CONVERSION = YES;
				CLANG_WARN_COMMA = YES;
				CLANG_WARN_CONSTANT_CONVERSION = YES;
				CLANG_WARN_DIRECT_OBJC_ISA_USAGE = YES_ERROR;
				CLANG_WARN_DOCUMENTATION_COMMENTS = YES;
				CLANG_WARN_EMPTY_BODY = YES;
				CLANG_WARN_ENUM_CONVERSION = YES;
				CLANG_WARN_INFINITE_RECURSION = YES;
				CLANG_WARN_INT_CONVERSION = YES;
				CLANG_WARN_NON_LITERAL_NULL_CONVERSION = YES;
				CLANG_WARN_OBJC_LITERAL_CONVERSION = YES;
				CLANG_WARN_OBJC_ROOT_CLASS = YES_ERROR;
				CLANG_WARN_RANGE_LOOP_ANALYSIS = YES;
				CLANG_WARN_STRICT_PROTOTYPES = YES;
				CLANG_WARN_SUSPICIOUS_MOVE = YES;
				CLANG_WARN_UNGUARDED_AVAILABILITY = YES_AGGRESSIVE;
				CLANG_WARN_UNREACHABLE_CODE = YES;
				CLANG_WARN__DUPLICATE_METHOD_MATCH = YES;
				CODE_SIGN_IDENTITY = "iPhone Developer";
				COPY_PHASE_STRIP = NO;
				DEBUG_INFORMATION_FORMAT = "dwarf-with-dsym";
				ENABLE_NS_ASSERTIONS = NO;
				ENABLE_STRICT_OBJC_MSGSEND = YES;
				GCC_C_LANGUAGE_STANDARD = gnu11;
				GCC_NO_COMMON_BLOCKS = YES;
				GCC_WARN_64_TO_32_BIT_CONVERSION = YES;
				GCC_WARN_ABOUT_RETURN_TYPE = YES_ERROR;
				GCC_WARN_UNDECLARED_SELECTOR = YES;
				GCC_WARN_UNINITIALIZED_AUTOS = YES_AGGRESSIVE;
				GCC_WARN_UNUSED_FUNCTION = YES;
				GCC_WARN_UNUSED_VARIABLE = YES;
				IPHONEOS_DEPLOYMENT_TARGET = 11.0;
				MTL_ENABLE_DEBUG_INFO = NO;
				SDKROOT = iphoneos;
				SWIFT_OPTIMIZATION_LEVEL = "-Owholemodule";
				VALIDATE_PRODUCT = YES;
			};
			name = Release;
		};
		0F7764A61F9F92D8006F9061 /* Debug */ = {
			isa = XCBuildConfiguration;
			buildSettings = {
				ASSETCATALOG_COMPILER_APPICON_NAME = AppIcon;
				CODE_SIGN_STYLE = Automatic;
				DEVELOPMENT_TEAM = Q3V7L8YK8G;
				INFOPLIST_FILE = ARKitDemo/Info.plist;
				LD_RUNPATH_SEARCH_PATHS = "$(inherited) @executable_path/Frameworks";
				PRODUCT_BUNDLE_IDENTIFIER = com.alexandruclapa.ARKitDemo;
				PRODUCT_NAME = "$(TARGET_NAME)";
				SWIFT_VERSION = 4.0;
				TARGETED_DEVICE_FAMILY = "1,2";
			};
			name = Debug;
		};
		0F7764A71F9F92D8006F9061 /* Release */ = {
			isa = XCBuildConfiguration;
			buildSettings = {
				ASSETCATALOG_COMPILER_APPICON_NAME = AppIcon;
				CODE_SIGN_STYLE = Automatic;
				DEVELOPMENT_TEAM = Q3V7L8YK8G;
				INFOPLIST_FILE = ARKitDemo/Info.plist;
				LD_RUNPATH_SEARCH_PATHS = "$(inherited) @executable_path/Frameworks";
				PRODUCT_BUNDLE_IDENTIFIER = com.alexandruclapa.ARKitDemo;
				PRODUCT_NAME = "$(TARGET_NAME)";
				SWIFT_VERSION = 4.0;
				TARGETED_DEVICE_FAMILY = "1,2";
			};
			name = Release;
		};
/* End XCBuildConfiguration section */

/* Begin XCConfigurationList section */
		0F77648C1F9F92D8006F9061 /* Build configuration list for PBXProject "ARKitDemo" */ = {
			isa = XCConfigurationList;
			buildConfigurations = (
				0F7764A31F9F92D8006F9061 /* Debug */,
				0F7764A41F9F92D8006F9061 /* Release */,
			);
			defaultConfigurationIsVisible = 0;
			defaultConfigurationName = Release;
		};
		0F7764A51F9F92D8006F9061 /* Build configuration list for PBXNativeTarget "ARKitDemo" */ = {
			isa = XCConfigurationList;
			buildConfigurations = (
				0F7764A61F9F92D8006F9061 /* Debug */,
				0F7764A71F9F92D8006F9061 /* Release */,
			);
			defaultConfigurationIsVisible = 0;
			defaultConfigurationName = Release;
		};
/* End XCConfigurationList section */
	};
	rootObject = 0F7764891F9F92D8006F9061 /* Project object */;
}
